lockfileVersion: '9.0'

settings:
  autoInstallPeers: true
  excludeLinksFromLockfile: false

importers:

  .:
    dependencies:
      s-expression:
        specifier: ^3.1.1
        version: 3.1.1

packages:

  s-expression@3.1.1:
    resolution: {integrity: sha512-VMsW7sIvixXfIDmDll7XCePMYYY52UlUtA7OlFQUovqj3XtQ2UkZkjjAvnSFW8o+SbswzUEeCBMmpAx9LS3qrg==}

snapshots:

  s-expression@3.1.1: {}
